<?xml version="1.0" encoding="utf-8"?>
<Project ToolsVersion="4.0" xmlns="http://schemas.microsoft.com/developer/msbuild/2003">
  <ItemGroup>
    <Filter Include="DirectX Manager">
      <UniqueIdentifier>{5b1e539e-f37c-41ae-b54e-4c253735455e}</UniqueIdentifier>
    </Filter>
    <Filter Include="Shaders">
      <UniqueIdentifier>{bf7a5be6-9e5a-406b-8006-45e03fa25b7c}</UniqueIdentifier>
    </Filter>
  </ItemGroup>
  <ItemGroup>
    <ClCompile Include="dxManager.cpp">
      <Filter>DirectX Manager</Filter>
    </ClCompile>
    <ClCompile Include="winMain.cpp" />
  </ItemGroup>
  <ItemGroup>
    <ClInclude Include="dxManager.h">
      <Filter>DirectX Manager</Filter>
    </ClInclude>
  </ItemGroup>
  <ItemGroup>
    <FxCompile Include="basicEffect.fx">
      <Filter>Shaders</Filter>
    </FxCompile>
  </ItemGroup>
</Project>